<?xml version="1.0" encoding="utf-8"?>
<Project ToolsVersion="4.0" xmlns="http://schemas.microsoft.com/developer/msbuild/2003">
  <ItemGroup>
    <Filter Include="Source Files">
      <UniqueIdentifier>{4FC737F1-C7A5-4376-A066-2A32D752A2FF}</UniqueIdentifier>
      <Extensions>cpp;c;cc;cxx;def;odl;idl;hpj;bat;asm;asmx</Extensions>
    </Filter>
    <Filter Include="Header Files">
      <UniqueIdentifier>{93995380-89BD-4b04-88EB-625FBE52EBFB}</UniqueIdentifier>
      <Extensions>h;hpp;hxx;hm;inl;inc;xsd</Extensions>
    </Filter>
    <Filter Include="Resource Files">
      <UniqueIdentifier>{67DA6AB6-F800-4c08-8B7A-83BB121AAD01}</UniqueIdentifier>
      <Extensions>rc;ico;cur;bmp;dlg;rc2;rct;bin;rgs;gif;jpg;jpeg;jpe;resx;tiff;tif;png;wav;mfcribbon-ms</Extensions>
    </Filter>
  </ItemGroup>
  <ItemGroup>
    <ClCompile Include="Alien.cpp">
      <Filter>Source Files</Filter>
    </ClCompile>
    <ClCompile Include="AlienColumn.cpp">
      <Filter>Source Files</Filter>
    </ClCompile>
    <ClCompile Include="Backbuffer.cpp">
      <Filter>Source Files</Filter>
    </ClCompile>
    <ClCompile Include="Clock.cpp">
      <Filter>Source Files</Filter>
    </ClCompile>
    <ClCompile Include="Entity.cpp">
      <Filter>Source Files</Filter>
    </ClCompile>
    <ClCompile Include="Game.cpp">
      <Filter>Source Files</Filter>
    </ClCompile>
    <ClCompile Include="Level.cpp">
      <Filter>Source Files</Filter>
    </ClCompile>
    <ClCompile Include="main.cpp">
      <Filter>Source Files</Filter>
    </ClCompile>
    <ClCompile Include="PlayerShip.cpp">
      <Filter>Source Files</Filter>
    </ClCompile>
    <ClCompile Include="Sprite.cpp">
      <Filter>Source Files</Filter>
    </ClCompile>
    <ClCompile Include="PlayerProjectile.cpp">
      <Filter>Source Files</Filter>
    </ClCompile>
    <ClCompile Include="MysteryShip.cpp">
      <Filter>Source Files</Filter>
    </ClCompile>
    <ClCompile Include="MainMenu.cpp">
      <Filter>Source Files</Filter>
    </ClCompile>
    <ClCompile Include="Barrier.cpp">
      <Filter>Source Files</Filter>
    </ClCompile>
    <ClCompile Include="AlienProjectile.cpp">
      <Filter>Source Files</Filter>
    </ClCompile>
  </ItemGroup>
  <ItemGroup>
    <ClInclude Include="Alien.h">
      <Filter>Header Files</Filter>
    </ClInclude>
    <ClInclude Include="AlienColumn.h">
      <Filter>Header Files</Filter>
    </ClInclude>
    <ClInclude Include="Backbuffer.h">
      <Filter>Header Files</Filter>
    </ClInclude>
    <ClInclude Include="Clock.h">
      <Filter>Header Files</Filter>
    </ClInclude>
    <ClInclude Include="Entity.h">
      <Filter>Header Files</Filter>
    </ClInclude>
    <ClInclude Include="Game.h">
      <Filter>Header Files</Filter>
    </ClInclude>
    <ClInclude Include="Level.h">
      <Filter>Header Files</Filter>
    </ClInclude>
    <ClInclude Include="PlayerShip.h">
      <Filter>Header Files</Filter>
    </ClInclude>
    <ClInclude Include="resource.h">
      <Filter>Header Files</Filter>
    </ClInclude>
    <ClInclude Include="Sprite.h">
      <Filter>Header Files</Filter>
    </ClInclude>
    <ClInclude Include="Utilities.h">
      <Filter>Header Files</Filter>
    </ClInclude>
    <ClInclude Include="PlayerProjectile.h">
      <Filter>Header Files</Filter>
    </ClInclude>
    <ClInclude Include="MysteryShip.h">
      <Filter>Header Files</Filter>
    </ClInclude>
    <ClInclude Include="MainMenu.h">
      <Filter>Header Files</Filter>
    </ClInclude>
    <ClInclude Include="Barrier.h">
      <Filter>Header Files</Filter>
    </ClInclude>
    <ClInclude Include="AlienProjectile.h">
      <Filter>Header Files</Filter>
    </ClInclude>
  </ItemGroup>
  <ItemGroup>
    <ResourceCompile Include="Space Invaders.rc">
      <Filter>Resource Files</Filter>
    </ResourceCompile>
  </ItemGroup>
  <ItemGroup>
    <None Include="Assets\Mask_Barrier.bmp">
      <Filter>Resource Files</Filter>
    </None>
    <None Include="Assets\Sprite_Barrier.bmp">
      <Filter>Resource Files</Filter>
    </None>
    <None Include="Assets\Mask_PlayerShip.bmp">
      <Filter>Resource Files</Filter>
    </None>
    <None Include="Assets\Mask_Projectile.bmp">
      <Filter>Resource Files</Filter>
    </None>
    <None Include="Assets\MaskA_Alien1.bmp">
      <Filter>Resource Files</Filter>
    </None>
    <None Include="Assets\MaskA_Alien2.bmp">
      <Filter>Resource Files</Filter>
    </None>
    <None Include="Assets\MaskA_Alien3.bmp">
      <Filter>Resource Files</Filter>
    </None>
    <None Include="Assets\MaskA_Bolt.bmp">
      <Filter>Resource Files</Filter>
    </None>
    <None Include="Assets\MaskA_Cross.bmp">
      <Filter>Resource Files</Filter>
    </None>
    <None Include="Assets\MaskA_MysShip.bmp">
      <Filter>Resource Files</Filter>
    </None>
    <None Include="Assets\Sprite_PlayerShip.bmp">
      <Filter>Resource Files</Filter>
    </None>
    <None Include="Assets\Sprite_Projectile.bmp">
      <Filter>Resource Files</Filter>
    </None>
    <None Include="Assets\SpriteA_Alien1.bmp">
      <Filter>Resource Files</Filter>
    </None>
    <None Include="Assets\SpriteA_Alien2.bmp">
      <Filter>Resource Files</Filter>
    </None>
    <None Include="Assets\SpriteA_Alien3.bmp">
      <Filter>Resource Files</Filter>
    </None>
    <None Include="Assets\SpriteA_Bolt.bmp">
      <Filter>Resource Files</Filter>
    </None>
    <None Include="Assets\SpriteA_Cross.bmp">
      <Filter>Resource Files</Filter>
    </None>
    <None Include="Assets\SpriteA_MysShip.bmp">
      <Filter>Resource Files</Filter>
    </None>
  </ItemGroup>
  <ItemGroup>
    <Image Include="MaskA_Alien1.bmp">
      <Filter>Resource Files</Filter>
    </Image>
    <Image Include="MaskA_Alien2.bmp">
      <Filter>Resource Files</Filter>
    </Image>
    <Image Include="MaskA_Alien3.bmp">
      <Filter>Resource Files</Filter>
    </Image>
    <Image Include="MaskA_Bolt.bmp">
      <Filter>Resource Files</Filter>
    </Image>
    <Image Include="MaskA_Cross.bmp">
      <Filter>Resource Files</Filter>
    </Image>
    <Image Include="MaskA_MysShip.bmp">
      <Filter>Resource Files</Filter>
    </Image>
    <Image Include="Mask_PlayerShip.bmp">
      <Filter>Resource Files</Filter>
    </Image>
    <Image Include="Mask_Projectile.bmp">
      <Filter>Resource Files</Filter>
    </Image>
    <Image Include="SpriteA_Alien1.bmp">
      <Filter>Resource Files</Filter>
    </Image>
    <Image Include="SpriteA_Alien2.bmp">
      <Filter>Resource Files</Filter>
    </Image>
    <Image Include="SpriteA_Alien3.bmp">
      <Filter>Resource Files</Filter>
    </Image>
    <Image Include="SpriteA_Bolt.bmp">
      <Filter>Resource Files</Filter>
    </Image>
    <Image Include="SpriteA_Cross.bmp">
      <Filter>Resource Files</Filter>
    </Image>
    <Image Include="SpriteA_MysShip.bmp">
      <Filter>Resource Files</Filter>
    </Image>
    <Image Include="Sprite_PlayerShip.bmp">
      <Filter>Resource Files</Filter>
    </Image>
    <Image Include="Sprite_Projectile.bmp">
      <Filter>Resource Files</Filter>
    </Image>
    <Image Include="Assets\Mask_Title.bmp">
      <Filter>Resource Files</Filter>
    </Image>
    <Image Include="Assets\Sprite_Title.bmp">
      <Filter>Resource Files</Filter>
    </Image>
    <Image Include="Assets\Mask_Start.bmp">
      <Filter>Resource Files</Filter>
    </Image>
    <Image Include="Assets\Mask_Exit.bmp">
      <Filter>Resource Files</Filter>
    </Image>
    <Image Include="Assets\Sprite_Exit.bmp">
      <Filter>Resource Files</Filter>
    </Image>
    <Image Include="Assets\Sprite_Start.bmp">
      <Filter>Resource Files</Filter>
    </Image>
  </ItemGroup>
</Project>